
Microsoft Visual Studio Solution File, Format Version 12.00
# Visual Studio Version 17
VisualStudioVersion = 17.11.35208.52
MinimumVisualStudioVersion = 10.0.40219.1
Project("{9A19103F-16F7-4668-BE54-9A1E7A4F7556}") = "StarWars", "StarWars\StarWars.csproj", "{C19190E1-4EE8-4F16-97FF-D4A46CEB5131}"
EndProject
Project("{9A19103F-16F7-4668-BE54-9A1E7A4F7556}") = "StarWarsModels", "StarWarsModels\StarWarsModels.csproj", "{BE326E83-C5DE-4052-BA24-092F52082E80}"
EndProject
Project("{E53339B2-1760-4266-BCC7-CA923CBCF16C}") = "docker-compose", "docker-compose.dcproj", "{5193A439-F769-4DA4-8587-92EE4ED22517}"
EndProject
Global
	GlobalSection(SolutionConfigurationPlatforms) = preSolution
		Debug|Any CPU = Debug|Any CPU
		Release|Any CPU = Release|Any CPU
	EndGlobalSection
	GlobalSection(ProjectConfigurationPlatforms) = postSolution
		{C19190E1-4EE8-4F16-97FF-D4A46CEB5131}.Debug|Any CPU.ActiveCfg = Debug|Any CPU
		{C19190E1-4EE8-4F16-97FF-D4A46CEB5131}.Debug|Any CPU.Build.0 = Debug|Any CPU
		{C19190E1-4EE8-4F16-97FF-D4A46CEB5131}.Release|Any CPU.ActiveCfg = Release|Any CPU
		{C19190E1-4EE8-4F16-97FF-D4A46CEB5131}.Release|Any CPU.Build.0 = Release|Any CPU
		{BE326E83-C5DE-4052-BA24-092F52082E80}.Debug|Any CPU.ActiveCfg = Debug|Any CPU
		{BE326E83-C5DE-4052-BA24-092F52082E80}.Debug|Any CPU.Build.0 = Debug|Any CPU
		{BE326E83-C5DE-4052-BA24-092F52082E80}.Release|Any CPU.ActiveCfg = Release|Any CPU
		{BE326E83-C5DE-4052-BA24-092F52082E80}.Release|Any CPU.Build.0 = Release|Any CPU
		{5193A439-F769-4DA4-8587-92EE4ED22517}.Debug|Any CPU.ActiveCfg = Debug|Any CPU
		{5193A439-F769-4DA4-8587-92EE4ED22517}.Debug|Any CPU.Build.0 = Debug|Any CPU
		{5193A439-F769-4DA4-8587-92EE4ED22517}.Release|Any CPU.ActiveCfg = Release|Any CPU
		{5193A439-F769-4DA4-8587-92EE4ED22517}.Release|Any CPU.Build.0 = Release|Any CPU
	EndGlobalSection
	GlobalSection(SolutionProperties) = preSolution
		HideSolutionNode = FALSE
	EndGlobalSection
	GlobalSection(ExtensibilityGlobals) = postSolution
		SolutionGuid = {443E4929-A51D-48EA-9691-21A93108612A}
	EndGlobalSection
EndGlobal
